// !$*UTF8*$!
{
	archiveVersion = 1;
	classes = {
	};
	objectVersion = 56;
	objects = {

/* Begin PBXBuildFile section */
		282428832DCF46A40032C938 /* GoogleAuthHelperManager.swift in Sources */ = {isa = PBXBuildFile; fileRef = 282428822DCF46A40032C938 /* GoogleAuthHelperManager.swift */; };
		282428852DCF4A4D0032C938 /* AuthProviderOption.swift in Sources */ = {isa = PBXBuildFile; fileRef = 282428842DCF4A4D0032C938 /* AuthProviderOption.swift */; };
		282428882DCF593B0032C938 /* FileManager+.swift in Sources */ = {isa = PBXBuildFile; fileRef = 282428872DCF593B0032C938 /* FileManager+.swift */; };
		2824288A2DCF59710032C938 /* ImagePicker.swift in Sources */ = {isa = PBXBuildFile; fileRef = 282428892DCF59710032C938 /* ImagePicker.swift */; };
		2824288C2DCF5A1E0032C938 /* ZoomableScrollView.swift in Sources */ = {isa = PBXBuildFile; fileRef = 2824288B2DCF5A1E0032C938 /* ZoomableScrollView.swift */; };
		2824288E2DCF61790032C938 /* MainScreenViewModel.swift in Sources */ = {isa = PBXBuildFile; fileRef = 2824288D2DCF61790032C938 /* MainScreenViewModel.swift */; };
		282428912DCF62430032C938 /* Picker.swift in Sources */ = {isa = PBXBuildFile; fileRef = 282428902DCF62430032C938 /* Picker.swift */; };
		288E53DB2DCF77F100EE7328 /* MyImage.swift in Sources */ = {isa = PBXBuildFile; fileRef = 288E53DA2DCF77F100EE7328 /* MyImage.swift */; };
		288E53DD2DCF78C300EE7328 /* MyImageError.swift in Sources */ = {isa = PBXBuildFile; fileRef = 288E53DC2DCF78C300EE7328 /* MyImageError.swift */; };
		288E53E02DCF7F5600EE7328 /* MainButtonLabelStyle.swift in Sources */ = {isa = PBXBuildFile; fileRef = 288E53DF2DCF7F5600EE7328 /* MainButtonLabelStyle.swift */; };
		288E53E62DCF9D3500EE7328 /* MainCanvasDrawingView.swift in Sources */ = {isa = PBXBuildFile; fileRef = 288E53E52DCF9D3500EE7328 /* MainCanvasDrawingView.swift */; };
		288E53E82DCFBE4500EE7328 /* PKCanvasView+.swift in Sources */ = {isa = PBXBuildFile; fileRef = 288E53E72DCFBE4500EE7328 /* PKCanvasView+.swift */; };
		288E53EA2DCFBE9A00EE7328 /* ShareSheet.swift in Sources */ = {isa = PBXBuildFile; fileRef = 288E53E92DCFBE9A00EE7328 /* ShareSheet.swift */; };
		288E53EC2DCFBEBA00EE7328 /* PKCanvasRepresentation.swift in Sources */ = {isa = PBXBuildFile; fileRef = 288E53EB2DCFBEBA00EE7328 /* PKCanvasRepresentation.swift */; };
		288E53EE2DCFD6D700EE7328 /* MainPhotoEffectButtonView.swift in Sources */ = {isa = PBXBuildFile; fileRef = 288E53ED2DCFD6D600EE7328 /* MainPhotoEffectButtonView.swift */; };
		288E53F02DD0A1B300EE7328 /* PhotoEffect.swift in Sources */ = {isa = PBXBuildFile; fileRef = 288E53EF2DD0A1B300EE7328 /* PhotoEffect.swift */; };
		288E53F22DD0A23D00EE7328 /* PickerHelper.swift in Sources */ = {isa = PBXBuildFile; fileRef = 288E53F12DD0A23D00EE7328 /* PickerHelper.swift */; };
		288E53F42DD0A60600EE7328 /* PhotoEffectCoreImageService.swift in Sources */ = {isa = PBXBuildFile; fileRef = 288E53F32DD0A60600EE7328 /* PhotoEffectCoreImageService.swift */; };
		288E53F82DD0C56000EE7328 /* UserOverlayText.swift in Sources */ = {isa = PBXBuildFile; fileRef = 288E53F72DD0C56000EE7328 /* UserOverlayText.swift */; };
		288E53FE2DD0D47200EE7328 /* MainScreenUserCustomTextView.swift in Sources */ = {isa = PBXBuildFile; fileRef = 288E53FD2DD0D47200EE7328 /* MainScreenUserCustomTextView.swift */; };
		288E54002DD0F77400EE7328 /* TextFontType.swift in Sources */ = {isa = PBXBuildFile; fileRef = 288E53FF2DD0F77400EE7328 /* TextFontType.swift */; };
		288E54022DD1084500EE7328 /* TextHelperService.swift in Sources */ = {isa = PBXBuildFile; fileRef = 288E54012DD1084500EE7328 /* TextHelperService.swift */; };
		288E54042DD1386A00EE7328 /* PhotoLibraryHelper.swift in Sources */ = {isa = PBXBuildFile; fileRef = 288E54032DD1386A00EE7328 /* PhotoLibraryHelper.swift */; };
		288E54062DD13AF100EE7328 /* MainEditorError.swift in Sources */ = {isa = PBXBuildFile; fileRef = 288E54052DD13AF100EE7328 /* MainEditorError.swift */; };
		288E54082DD1457600EE7328 /* TextFieldViewModify.swift in Sources */ = {isa = PBXBuildFile; fileRef = 288E54072DD1457600EE7328 /* TextFieldViewModify.swift */; };
		289086782DCDF58300F6DE49 /* SignUpView.swift in Sources */ = {isa = PBXBuildFile; fileRef = 289086772DCDF58300F6DE49 /* SignUpView.swift */; };
		2890867A2DCE179000F6DE49 /* AuthManager.swift in Sources */ = {isa = PBXBuildFile; fileRef = 289086792DCE179000F6DE49 /* AuthManager.swift */; };
		2890867F2DCE182E00F6DE49 /* SignUpViewModel.swift in Sources */ = {isa = PBXBuildFile; fileRef = 2890867E2DCE182E00F6DE49 /* SignUpViewModel.swift */; };
		289086842DCE1E9200F6DE49 /* AuthDataResultModel.swift in Sources */ = {isa = PBXBuildFile; fileRef = 289086832DCE1E9200F6DE49 /* AuthDataResultModel.swift */; };
		289086862DCE331500F6DE49 /* InitialView.swift in Sources */ = {isa = PBXBuildFile; fileRef = 289086852DCE331500F6DE49 /* InitialView.swift */; };
		2890868B2DCE36F300F6DE49 /* ProfileViewModel.swift in Sources */ = {isa = PBXBuildFile; fileRef = 2890868A2DCE36F300F6DE49 /* ProfileViewModel.swift */; };
		2890868D2DCE3F5700F6DE49 /* SignInViewModel.swift in Sources */ = {isa = PBXBuildFile; fileRef = 2890868C2DCE3F5700F6DE49 /* SignInViewModel.swift */; };
		289086952DCE47FB00F6DE49 /* PasswordRecoveryViewModel.swift in Sources */ = {isa = PBXBuildFile; fileRef = 289086942DCE47FB00F6DE49 /* PasswordRecoveryViewModel.swift */; };
		2890869A2DCE66D700F6DE49 /* Utility.swift in Sources */ = {isa = PBXBuildFile; fileRef = 289086992DCE66D600F6DE49 /* Utility.swift */; };
		2890869C2DCE6CB800F6DE49 /* GoogleSignInResultModel.swift in Sources */ = {isa = PBXBuildFile; fileRef = 2890869B2DCE6CB800F6DE49 /* GoogleSignInResultModel.swift */; };
		28F7BE742DCB668A00AB0035 /* EditorApp.swift in Sources */ = {isa = PBXBuildFile; fileRef = 28F7BE732DCB668A00AB0035 /* EditorApp.swift */; };
		28F7BE762DCB668A00AB0035 /* StartView.swift in Sources */ = {isa = PBXBuildFile; fileRef = 28F7BE752DCB668A00AB0035 /* StartView.swift */; };
		28F7BE782DCB668C00AB0035 /* Assets.xcassets in Resources */ = {isa = PBXBuildFile; fileRef = 28F7BE772DCB668C00AB0035 /* Assets.xcassets */; };
		28F7BE7B2DCB668C00AB0035 /* Preview Assets.xcassets in Resources */ = {isa = PBXBuildFile; fileRef = 28F7BE7A2DCB668C00AB0035 /* Preview Assets.xcassets */; };
		28F7BE862DCB755E00AB0035 /* SignInView.swift in Sources */ = {isa = PBXBuildFile; fileRef = 28F7BE852DCB755E00AB0035 /* SignInView.swift */; };
		28F7BEBE2DCBA83A00AB0035 /* MainScreenView.swift in Sources */ = {isa = PBXBuildFile; fileRef = 28F7BEBD2DCBA83A00AB0035 /* MainScreenView.swift */; };
		28F7BEC02DCBA85300AB0035 /* ProfileView.swift in Sources */ = {isa = PBXBuildFile; fileRef = 28F7BEBF2DCBA85300AB0035 /* ProfileView.swift */; };
		28F7BEC22DCBA88900AB0035 /* PasswordRecoveryView.swift in Sources */ = {isa = PBXBuildFile; fileRef = 28F7BEC12DCBA88900AB0035 /* PasswordRecoveryView.swift */; };
		28F7BEC92DCBAEAF00AB0035 /* GoogleService-Info.plist in Resources */ = {isa = PBXBuildFile; fileRef = 28F7BEC82DCBAEAF00AB0035 /* GoogleService-Info.plist */; };
		28F7BF8A2DCD67B200AB0035 /* FirebaseAuth in Frameworks */ = {isa = PBXBuildFile; productRef = 28F7BF892DCD67B200AB0035 /* FirebaseAuth */; };
		28F7BF8C2DCD67B200AB0035 /* FirebaseDatabase in Frameworks */ = {isa = PBXBuildFile; productRef = 28F7BF8B2DCD67B200AB0035 /* FirebaseDatabase */; };
		28F7BF8E2DCD67B200AB0035 /* FirebaseDatabaseSwift in Frameworks */ = {isa = PBXBuildFile; productRef = 28F7BF8D2DCD67B200AB0035 /* FirebaseDatabaseSwift */; };
		28F7BF902DCD67B200AB0035 /* FirebaseFirestore in Frameworks */ = {isa = PBXBuildFile; productRef = 28F7BF8F2DCD67B200AB0035 /* FirebaseFirestore */; };
		28F7BF922DCD67B200AB0035 /* FirebaseFirestoreSwift in Frameworks */ = {isa = PBXBuildFile; productRef = 28F7BF912DCD67B200AB0035 /* FirebaseFirestoreSwift */; };
		28F7BF952DCD689D00AB0035 /* GoogleSignIn in Frameworks */ = {isa = PBXBuildFile; productRef = 28F7BF942DCD689D00AB0035 /* GoogleSignIn */; };
		28F7BF972DCD689D00AB0035 /* GoogleSignInSwift in Frameworks */ = {isa = PBXBuildFile; productRef = 28F7BF962DCD689D00AB0035 /* GoogleSignInSwift */; };
/* End PBXBuildFile section */

/* Begin PBXFileReference section */
		282428822DCF46A40032C938 /* GoogleAuthHelperManager.swift */ = {isa = PBXFileReference; lastKnownFileType = sourcecode.swift; path = GoogleAuthHelperManager.swift; sourceTree = "<group>"; };
		282428842DCF4A4D0032C938 /* AuthProviderOption.swift */ = {isa = PBXFileReference; lastKnownFileType = sourcecode.swift; path = AuthProviderOption.swift; sourceTree = "<group>"; };
		282428872DCF593B0032C938 /* FileManager+.swift */ = {isa = PBXFileReference; lastKnownFileType = sourcecode.swift; path = "FileManager+.swift"; sourceTree = "<group>"; };
		282428892DCF59710032C938 /* ImagePicker.swift */ = {isa = PBXFileReference; lastKnownFileType = sourcecode.swift; path = ImagePicker.swift; sourceTree = "<group>"; };
		2824288B2DCF5A1E0032C938 /* ZoomableScrollView.swift */ = {isa = PBXFileReference; lastKnownFileType = sourcecode.swift; path = ZoomableScrollView.swift; sourceTree = "<group>"; };
		2824288D2DCF61790032C938 /* MainScreenViewModel.swift */ = {isa = PBXFileReference; lastKnownFileType = sourcecode.swift; path = MainScreenViewModel.swift; sourceTree = "<group>"; };
		282428902DCF62430032C938 /* Picker.swift */ = {isa = PBXFileReference; lastKnownFileType = sourcecode.swift; path = Picker.swift; sourceTree = "<group>"; };
		288E53DA2DCF77F100EE7328 /* MyImage.swift */ = {isa = PBXFileReference; lastKnownFileType = sourcecode.swift; path = MyImage.swift; sourceTree = "<group>"; };
		288E53DC2DCF78C300EE7328 /* MyImageError.swift */ = {isa = PBXFileReference; lastKnownFileType = sourcecode.swift; path = MyImageError.swift; sourceTree = "<group>"; };
		288E53DF2DCF7F5600EE7328 /* MainButtonLabelStyle.swift */ = {isa = PBXFileReference; lastKnownFileType = sourcecode.swift; path = MainButtonLabelStyle.swift; sourceTree = "<group>"; };
		288E53E52DCF9D3500EE7328 /* MainCanvasDrawingView.swift */ = {isa = PBXFileReference; lastKnownFileType = sourcecode.swift; path = MainCanvasDrawingView.swift; sourceTree = "<group>"; };
		288E53E72DCFBE4500EE7328 /* PKCanvasView+.swift */ = {isa = PBXFileReference; lastKnownFileType = sourcecode.swift; path = "PKCanvasView+.swift"; sourceTree = "<group>"; };
		288E53E92DCFBE9A00EE7328 /* ShareSheet.swift */ = {isa = PBXFileReference; lastKnownFileType = sourcecode.swift; path = ShareSheet.swift; sourceTree = "<group>"; };
		288E53EB2DCFBEBA00EE7328 /* PKCanvasRepresentation.swift */ = {isa = PBXFileReference; lastKnownFileType = sourcecode.swift; path = PKCanvasRepresentation.swift; sourceTree = "<group>"; };
		288E53ED2DCFD6D600EE7328 /* MainPhotoEffectButtonView.swift */ = {isa = PBXFileReference; lastKnownFileType = sourcecode.swift; path = MainPhotoEffectButtonView.swift; sourceTree = "<group>"; };
		288E53EF2DD0A1B300EE7328 /* PhotoEffect.swift */ = {isa = PBXFileReference; lastKnownFileType = sourcecode.swift; path = PhotoEffect.swift; sourceTree = "<group>"; };
		288E53F12DD0A23D00EE7328 /* PickerHelper.swift */ = {isa = PBXFileReference; lastKnownFileType = sourcecode.swift; path = PickerHelper.swift; sourceTree = "<group>"; };
		288E53F32DD0A60600EE7328 /* PhotoEffectCoreImageService.swift */ = {isa = PBXFileReference; lastKnownFileType = sourcecode.swift; path = PhotoEffectCoreImageService.swift; sourceTree = "<group>"; };
		288E53F72DD0C56000EE7328 /* UserOverlayText.swift */ = {isa = PBXFileReference; lastKnownFileType = sourcecode.swift; path = UserOverlayText.swift; sourceTree = "<group>"; };
		288E53FD2DD0D47200EE7328 /* MainScreenUserCustomTextView.swift */ = {isa = PBXFileReference; lastKnownFileType = sourcecode.swift; path = MainScreenUserCustomTextView.swift; sourceTree = "<group>"; };
		288E53FF2DD0F77400EE7328 /* TextFontType.swift */ = {isa = PBXFileReference; lastKnownFileType = sourcecode.swift; path = TextFontType.swift; sourceTree = "<group>"; };
		288E54012DD1084500EE7328 /* TextHelperService.swift */ = {isa = PBXFileReference; lastKnownFileType = sourcecode.swift; path = TextHelperService.swift; sourceTree = "<group>"; };
		288E54032DD1386A00EE7328 /* PhotoLibraryHelper.swift */ = {isa = PBXFileReference; lastKnownFileType = sourcecode.swift; path = PhotoLibraryHelper.swift; sourceTree = "<group>"; };
		288E54052DD13AF100EE7328 /* MainEditorError.swift */ = {isa = PBXFileReference; lastKnownFileType = sourcecode.swift; path = MainEditorError.swift; sourceTree = "<group>"; };
		288E54072DD1457600EE7328 /* TextFieldViewModify.swift */ = {isa = PBXFileReference; lastKnownFileType = sourcecode.swift; path = TextFieldViewModify.swift; sourceTree = "<group>"; };
		289086772DCDF58300F6DE49 /* SignUpView.swift */ = {isa = PBXFileReference; lastKnownFileType = sourcecode.swift; path = SignUpView.swift; sourceTree = "<group>"; };
		289086792DCE179000F6DE49 /* AuthManager.swift */ = {isa = PBXFileReference; lastKnownFileType = sourcecode.swift; path = AuthManager.swift; sourceTree = "<group>"; };
		2890867E2DCE182E00F6DE49 /* SignUpViewModel.swift */ = {isa = PBXFileReference; lastKnownFileType = sourcecode.swift; path = SignUpViewModel.swift; sourceTree = "<group>"; };
		289086832DCE1E9200F6DE49 /* AuthDataResultModel.swift */ = {isa = PBXFileReference; lastKnownFileType = sourcecode.swift; path = AuthDataResultModel.swift; sourceTree = "<group>"; };
		289086852DCE331500F6DE49 /* InitialView.swift */ = {isa = PBXFileReference; lastKnownFileType = sourcecode.swift; path = InitialView.swift; sourceTree = "<group>"; };
		2890868A2DCE36F300F6DE49 /* ProfileViewModel.swift */ = {isa = PBXFileReference; lastKnownFileType = sourcecode.swift; path = ProfileViewModel.swift; sourceTree = "<group>"; };
		2890868C2DCE3F5700F6DE49 /* SignInViewModel.swift */ = {isa = PBXFileReference; lastKnownFileType = sourcecode.swift; path = SignInViewModel.swift; sourceTree = "<group>"; };
		289086942DCE47FB00F6DE49 /* PasswordRecoveryViewModel.swift */ = {isa = PBXFileReference; lastKnownFileType = sourcecode.swift; path = PasswordRecoveryViewModel.swift; sourceTree = "<group>"; };
		289086992DCE66D600F6DE49 /* Utility.swift */ = {isa = PBXFileReference; lastKnownFileType = sourcecode.swift; path = Utility.swift; sourceTree = "<group>"; };
		2890869B2DCE6CB800F6DE49 /* GoogleSignInResultModel.swift */ = {isa = PBXFileReference; lastKnownFileType = sourcecode.swift; path = GoogleSignInResultModel.swift; sourceTree = "<group>"; };
		28F7BE702DCB668A00AB0035 /* Editor.app */ = {isa = PBXFileReference; explicitFileType = wrapper.application; includeInIndex = 0; path = Editor.app; sourceTree = BUILT_PRODUCTS_DIR; };
		28F7BE732DCB668A00AB0035 /* EditorApp.swift */ = {isa = PBXFileReference; lastKnownFileType = sourcecode.swift; path = EditorApp.swift; sourceTree = "<group>"; };
		28F7BE752DCB668A00AB0035 /* StartView.swift */ = {isa = PBXFileReference; lastKnownFileType = sourcecode.swift; path = StartView.swift; sourceTree = "<group>"; };
		28F7BE772DCB668C00AB0035 /* Assets.xcassets */ = {isa = PBXFileReference; lastKnownFileType = folder.assetcatalog; path = Assets.xcassets; sourceTree = "<group>"; };
		28F7BE7A2DCB668C00AB0035 /* Preview Assets.xcassets */ = {isa = PBXFileReference; lastKnownFileType = folder.assetcatalog; path = "Preview Assets.xcassets"; sourceTree = "<group>"; };
		28F7BE852DCB755E00AB0035 /* SignInView.swift */ = {isa = PBXFileReference; lastKnownFileType = sourcecode.swift; path = SignInView.swift; sourceTree = "<group>"; };
		28F7BEBD2DCBA83A00AB0035 /* MainScreenView.swift */ = {isa = PBXFileReference; lastKnownFileType = sourcecode.swift; path = MainScreenView.swift; sourceTree = "<group>"; };
		28F7BEBF2DCBA85300AB0035 /* ProfileView.swift */ = {isa = PBXFileReference; lastKnownFileType = sourcecode.swift; path = ProfileView.swift; sourceTree = "<group>"; };
		28F7BEC12DCBA88900AB0035 /* PasswordRecoveryView.swift */ = {isa = PBXFileReference; lastKnownFileType = sourcecode.swift; path = PasswordRecoveryView.swift; sourceTree = "<group>"; };
		28F7BEC82DCBAEAF00AB0035 /* GoogleService-Info.plist */ = {isa = PBXFileReference; fileEncoding = 4; lastKnownFileType = text.plist.xml; path = "GoogleService-Info.plist"; sourceTree = "<group>"; };
		28F7BECA2DCBAEDD00AB0035 /* Info.plist */ = {isa = PBXFileReference; lastKnownFileType = text.plist; path = Info.plist; sourceTree = "<group>"; };
/* End PBXFileReference section */

/* Begin PBXFrameworksBuildPhase section */
		28F7BE6D2DCB668A00AB0035 /* Frameworks */ = {
			isa = PBXFrameworksBuildPhase;
			buildActionMask = 2147483647;
			files = (
				28F7BF8E2DCD67B200AB0035 /* FirebaseDatabaseSwift in Frameworks */,
				28F7BF8C2DCD67B200AB0035 /* FirebaseDatabase in Frameworks */,
				28F7BF972DCD689D00AB0035 /* GoogleSignInSwift in Frameworks */,
				28F7BF902DCD67B200AB0035 /* FirebaseFirestore in Frameworks */,
				28F7BF8A2DCD67B200AB0035 /* FirebaseAuth in Frameworks */,
				28F7BF922DCD67B200AB0035 /* FirebaseFirestoreSwift in Frameworks */,
				28F7BF952DCD689D00AB0035 /* GoogleSignIn in Frameworks */,
			);
			runOnlyForDeploymentPostprocessing = 0;
		};
/* End PBXFrameworksBuildPhase section */

/* Begin PBXGroup section */
		282428862DCF58A10032C938 /* ImageViewRepresentables */ = {
			isa = PBXGroup;
			children = (
				282428892DCF59710032C938 /* ImagePicker.swift */,
				2824288B2DCF5A1E0032C938 /* ZoomableScrollView.swift */,
				288E53E92DCFBE9A00EE7328 /* ShareSheet.swift */,
				288E53EB2DCFBEBA00EE7328 /* PKCanvasRepresentation.swift */,
			);
			path = ImageViewRepresentables;
			sourceTree = "<group>";
		};
		288E53DE2DCF7F2A00EE7328 /* Style */ = {
			isa = PBXGroup;
			children = (
				288E53DF2DCF7F5600EE7328 /* MainButtonLabelStyle.swift */,
				288E53ED2DCFD6D600EE7328 /* MainPhotoEffectButtonView.swift */,
				288E54072DD1457600EE7328 /* TextFieldViewModify.swift */,
			);
			path = Style;
			sourceTree = "<group>";
		};
		2890867B2DCE17E000F6DE49 /* Authorization */ = {
			isa = PBXGroup;
			children = (
				2890867D2DCE17EE00F6DE49 /* ViewModel */,
				2890867C2DCE17EA00F6DE49 /* View */,
			);
			path = Authorization;
			sourceTree = "<group>";
		};
		2890867C2DCE17EA00F6DE49 /* View */ = {
			isa = PBXGroup;
			children = (
				289086772DCDF58300F6DE49 /* SignUpView.swift */,
				28F7BE852DCB755E00AB0035 /* SignInView.swift */,
				28F7BEC12DCBA88900AB0035 /* PasswordRecoveryView.swift */,
			);
			path = View;
			sourceTree = "<group>";
		};
		2890867D2DCE17EE00F6DE49 /* ViewModel */ = {
			isa = PBXGroup;
			children = (
				2890867E2DCE182E00F6DE49 /* SignUpViewModel.swift */,
				2890868C2DCE3F5700F6DE49 /* SignInViewModel.swift */,
				289086942DCE47FB00F6DE49 /* PasswordRecoveryViewModel.swift */,
			);
			path = ViewModel;
			sourceTree = "<group>";
		};
		289086802DCE1D7500F6DE49 /* Models */ = {
			isa = PBXGroup;
			children = (
				289086832DCE1E9200F6DE49 /* AuthDataResultModel.swift */,
				2890869B2DCE6CB800F6DE49 /* GoogleSignInResultModel.swift */,
				282428842DCF4A4D0032C938 /* AuthProviderOption.swift */,
				282428902DCF62430032C938 /* Picker.swift */,
				288E53DA2DCF77F100EE7328 /* MyImage.swift */,
				288E53DC2DCF78C300EE7328 /* MyImageError.swift */,
				288E53EF2DD0A1B300EE7328 /* PhotoEffect.swift */,
				288E53F72DD0C56000EE7328 /* UserOverlayText.swift */,
				288E53FF2DD0F77400EE7328 /* TextFontType.swift */,
				288E54052DD13AF100EE7328 /* MainEditorError.swift */,
			);
			path = Models;
			sourceTree = "<group>";
		};
		289086872DCE36D300F6DE49 /* Profile */ = {
			isa = PBXGroup;
			children = (
				289086892DCE36DE00F6DE49 /* ViewModel */,
				289086882DCE36D900F6DE49 /* View */,
			);
			path = Profile;
			sourceTree = "<group>";
		};
		289086882DCE36D900F6DE49 /* View */ = {
			isa = PBXGroup;
			children = (
				28F7BEBF2DCBA85300AB0035 /* ProfileView.swift */,
			);
			path = View;
			sourceTree = "<group>";
		};
		289086892DCE36DE00F6DE49 /* ViewModel */ = {
			isa = PBXGroup;
			children = (
				2890868A2DCE36F300F6DE49 /* ProfileViewModel.swift */,
			);
			path = ViewModel;
			sourceTree = "<group>";
		};
		2890868F2DCE455800F6DE49 /* Main Screen */ = {
			isa = PBXGroup;
			children = (
				289086912DCE458000F6DE49 /* ViewModel */,
				289086902DCE457D00F6DE49 /* View */,
			);
			path = "Main Screen";
			sourceTree = "<group>";
		};
		289086902DCE457D00F6DE49 /* View */ = {
			isa = PBXGroup;
			children = (
				28F7BEBD2DCBA83A00AB0035 /* MainScreenView.swift */,
				288E53E52DCF9D3500EE7328 /* MainCanvasDrawingView.swift */,
				288E53FD2DD0D47200EE7328 /* MainScreenUserCustomTextView.swift */,
			);
			path = View;
			sourceTree = "<group>";
		};
		289086912DCE458000F6DE49 /* ViewModel */ = {
			isa = PBXGroup;
			children = (
				2824288D2DCF61790032C938 /* MainScreenViewModel.swift */,
			);
			path = ViewModel;
			sourceTree = "<group>";
		};
		289086922DCE458E00F6DE49 /* Start */ = {
			isa = PBXGroup;
			children = (
				289086932DCE459400F6DE49 /* View */,
			);
			path = Start;
			sourceTree = "<group>";
		};
		289086932DCE459400F6DE49 /* View */ = {
			isa = PBXGroup;
			children = (
				28F7BE752DCB668A00AB0035 /* StartView.swift */,
			);
			path = View;
			sourceTree = "<group>";
		};
		289086962DCE653D00F6DE49 /* Extensions */ = {
			isa = PBXGroup;
			children = (
				282428872DCF593B0032C938 /* FileManager+.swift */,
				288E53E72DCFBE4500EE7328 /* PKCanvasView+.swift */,
			);
			path = Extensions;
			sourceTree = "<group>";
		};
		28F7BE672DCB668A00AB0035 = {
			isa = PBXGroup;
			children = (
				28F7BE722DCB668A00AB0035 /* Editor */,
				28F7BE712DCB668A00AB0035 /* Products */,
			);
			sourceTree = "<group>";
		};
		28F7BE712DCB668A00AB0035 /* Products */ = {
			isa = PBXGroup;
			children = (
				28F7BE702DCB668A00AB0035 /* Editor.app */,
			);
			name = Products;
			sourceTree = "<group>";
		};
		28F7BE722DCB668A00AB0035 /* Editor */ = {
			isa = PBXGroup;
			children = (
				288E53DE2DCF7F2A00EE7328 /* Style */,
				282428862DCF58A10032C938 /* ImageViewRepresentables */,
				289086962DCE653D00F6DE49 /* Extensions */,
				28F7BE812DCB716900AB0035 /* Services */,
				289086802DCE1D7500F6DE49 /* Models */,
				28F7BED52DCCAFF400AB0035 /* Screens */,
				28F7BECA2DCBAEDD00AB0035 /* Info.plist */,
				28F7BEC82DCBAEAF00AB0035 /* GoogleService-Info.plist */,
				28F7BE822DCB717600AB0035 /* App life */,
				28F7BE772DCB668C00AB0035 /* Assets.xcassets */,
				28F7BE792DCB668C00AB0035 /* Preview Content */,
			);
			path = Editor;
			sourceTree = "<group>";
		};
		28F7BE792DCB668C00AB0035 /* Preview Content */ = {
			isa = PBXGroup;
			children = (
				28F7BE7A2DCB668C00AB0035 /* Preview Assets.xcassets */,
			);
			path = "Preview Content";
			sourceTree = "<group>";
		};
		28F7BE812DCB716900AB0035 /* Services */ = {
			isa = PBXGroup;
			children = (
				289086792DCE179000F6DE49 /* AuthManager.swift */,
				282428822DCF46A40032C938 /* GoogleAuthHelperManager.swift */,
				288E53F12DD0A23D00EE7328 /* PickerHelper.swift */,
				288E53F32DD0A60600EE7328 /* PhotoEffectCoreImageService.swift */,
				288E54012DD1084500EE7328 /* TextHelperService.swift */,
				288E54032DD1386A00EE7328 /* PhotoLibraryHelper.swift */,
			);
			path = Services;
			sourceTree = "<group>";
		};
		28F7BE822DCB717600AB0035 /* App life */ = {
			isa = PBXGroup;
			children = (
				28F7BE732DCB668A00AB0035 /* EditorApp.swift */,
				289086852DCE331500F6DE49 /* InitialView.swift */,
				289086992DCE66D600F6DE49 /* Utility.swift */,
			);
			path = "App life";
			sourceTree = "<group>";
		};
		28F7BED52DCCAFF400AB0035 /* Screens */ = {
			isa = PBXGroup;
			children = (
				289086922DCE458E00F6DE49 /* Start */,
				2890868F2DCE455800F6DE49 /* Main Screen */,
				289086872DCE36D300F6DE49 /* Profile */,
				2890867B2DCE17E000F6DE49 /* Authorization */,
			);
			path = Screens;
			sourceTree = "<group>";
		};
/* End PBXGroup section */

/* Begin PBXNativeTarget section */
		28F7BE6F2DCB668A00AB0035 /* Editor */ = {
			isa = PBXNativeTarget;
			buildConfigurationList = 28F7BE7E2DCB668C00AB0035 /* Build configuration list for PBXNativeTarget "Editor" */;
			buildPhases = (
				28F7BE6C2DCB668A00AB0035 /* Sources */,
				28F7BE6D2DCB668A00AB0035 /* Frameworks */,
				28F7BE6E2DCB668A00AB0035 /* Resources */,
			);
			buildRules = (
			);
			dependencies = (
			);
			name = Editor;
			packageProductDependencies = (
				28F7BF892DCD67B200AB0035 /* FirebaseAuth */,
				28F7BF8B2DCD67B200AB0035 /* FirebaseDatabase */,
				28F7BF8D2DCD67B200AB0035 /* FirebaseDatabaseSwift */,
				28F7BF8F2DCD67B200AB0035 /* FirebaseFirestore */,
				28F7BF912DCD67B200AB0035 /* FirebaseFirestoreSwift */,
				28F7BF942DCD689D00AB0035 /* GoogleSignIn */,
				28F7BF962DCD689D00AB0035 /* GoogleSignInSwift */,
			);
			productName = Editor;
			productReference = 28F7BE702DCB668A00AB0035 /* Editor.app */;
			productType = "com.apple.product-type.application";
		};
/* End PBXNativeTarget section */

/* Begin PBXProject section */
		28F7BE682DCB668A00AB0035 /* Project object */ = {
			isa = PBXProject;
			attributes = {
				BuildIndependentTargetsInParallel = 1;
				LastSwiftUpdateCheck = 1540;
				LastUpgradeCheck = 1540;
				TargetAttributes = {
					28F7BE6F2DCB668A00AB0035 = {
						CreatedOnToolsVersion = 15.4;
					};
				};
			};
			buildConfigurationList = 28F7BE6B2DCB668A00AB0035 /* Build configuration list for PBXProject "Editor" */;
			compatibilityVersion = "Xcode 14.0";
			developmentRegion = en;
			hasScannedForEncodings = 0;
			knownRegions = (
				en,
				Base,
			);
			mainGroup = 28F7BE672DCB668A00AB0035;
			packageReferences = (
				28F7BF882DCD67B200AB0035 /* XCRemoteSwiftPackageReference "firebase-ios-sdk" */,
				28F7BF932DCD689D00AB0035 /* XCRemoteSwiftPackageReference "GoogleSignIn-iOS" */,
			);
			productRefGroup = 28F7BE712DCB668A00AB0035 /* Products */;
			projectDirPath = "";
			projectRoot = "";
			targets = (
				28F7BE6F2DCB668A00AB0035 /* Editor */,
			);
		};
/* End PBXProject section */

/* Begin PBXResourcesBuildPhase section */
		28F7BE6E2DCB668A00AB0035 /* Resources */ = {
			isa = PBXResourcesBuildPhase;
			buildActionMask = 2147483647;
			files = (
				28F7BE7B2DCB668C00AB0035 /* Preview Assets.xcassets in Resources */,
				28F7BE782DCB668C00AB0035 /* Assets.xcassets in Resources */,
				28F7BEC92DCBAEAF00AB0035 /* GoogleService-Info.plist in Resources */,
			);
			runOnlyForDeploymentPostprocessing = 0;
		};
/* End PBXResourcesBuildPhase section */

/* Begin PBXSourcesBuildPhase section */
		28F7BE6C2DCB668A00AB0035 /* Sources */ = {
			isa = PBXSourcesBuildPhase;
			buildActionMask = 2147483647;
			files = (
				288E53FE2DD0D47200EE7328 /* MainScreenUserCustomTextView.swift in Sources */,
				288E53EC2DCFBEBA00EE7328 /* PKCanvasRepresentation.swift in Sources */,
				289086842DCE1E9200F6DE49 /* AuthDataResultModel.swift in Sources */,
				288E53EA2DCFBE9A00EE7328 /* ShareSheet.swift in Sources */,
				288E54042DD1386A00EE7328 /* PhotoLibraryHelper.swift in Sources */,
				288E53F02DD0A1B300EE7328 /* PhotoEffect.swift in Sources */,
				288E53DB2DCF77F100EE7328 /* MyImage.swift in Sources */,
				2824288E2DCF61790032C938 /* MainScreenViewModel.swift in Sources */,
				288E53F42DD0A60600EE7328 /* PhotoEffectCoreImageService.swift in Sources */,
				288E53DD2DCF78C300EE7328 /* MyImageError.swift in Sources */,
				282428912DCF62430032C938 /* Picker.swift in Sources */,
				28F7BEBE2DCBA83A00AB0035 /* MainScreenView.swift in Sources */,
				2824288A2DCF59710032C938 /* ImagePicker.swift in Sources */,
				288E53E82DCFBE4500EE7328 /* PKCanvasView+.swift in Sources */,
				282428882DCF593B0032C938 /* FileManager+.swift in Sources */,
				28F7BEC22DCBA88900AB0035 /* PasswordRecoveryView.swift in Sources */,
				289086862DCE331500F6DE49 /* InitialView.swift in Sources */,
				288E54082DD1457600EE7328 /* TextFieldViewModify.swift in Sources */,
				288E53E62DCF9D3500EE7328 /* MainCanvasDrawingView.swift in Sources */,
				289086952DCE47FB00F6DE49 /* PasswordRecoveryViewModel.swift in Sources */,
				282428832DCF46A40032C938 /* GoogleAuthHelperManager.swift in Sources */,
				288E53F82DD0C56000EE7328 /* UserOverlayText.swift in Sources */,
				28F7BE762DCB668A00AB0035 /* StartView.swift in Sources */,
				288E54062DD13AF100EE7328 /* MainEditorError.swift in Sources */,
				28F7BE862DCB755E00AB0035 /* SignInView.swift in Sources */,
				288E53EE2DCFD6D700EE7328 /* MainPhotoEffectButtonView.swift in Sources */,
				28F7BE742DCB668A00AB0035 /* EditorApp.swift in Sources */,
				2890868B2DCE36F300F6DE49 /* ProfileViewModel.swift in Sources */,
				282428852DCF4A4D0032C938 /* AuthProviderOption.swift in Sources */,
				288E54022DD1084500EE7328 /* TextHelperService.swift in Sources */,
				28F7BEC02DCBA85300AB0035 /* ProfileView.swift in Sources */,
				2890867F2DCE182E00F6DE49 /* SignUpViewModel.swift in Sources */,
				2890869C2DCE6CB800F6DE49 /* GoogleSignInResultModel.swift in Sources */,
				2890867A2DCE179000F6DE49 /* AuthManager.swift in Sources */,
				288E53E02DCF7F5600EE7328 /* MainButtonLabelStyle.swift in Sources */,
				288E54002DD0F77400EE7328 /* TextFontType.swift in Sources */,
				2824288C2DCF5A1E0032C938 /* ZoomableScrollView.swift in Sources */,
				289086782DCDF58300F6DE49 /* SignUpView.swift in Sources */,
				2890868D2DCE3F5700F6DE49 /* SignInViewModel.swift in Sources */,
				288E53F22DD0A23D00EE7328 /* PickerHelper.swift in Sources */,
				2890869A2DCE66D700F6DE49 /* Utility.swift in Sources */,
			);
			runOnlyForDeploymentPostprocessing = 0;
		};
/* End PBXSourcesBuildPhase section */

/* Begin XCBuildConfiguration section */
		28F7BE7C2DCB668C00AB0035 /* Debug */ = {
			isa = XCBuildConfiguration;
			buildSettings = {
				ALWAYS_SEARCH_USER_PATHS = NO;
				ASSETCATALOG_COMPILER_GENERATE_SWIFT_ASSET_SYMBOL_EXTENSIONS = YES;
				CLANG_ANALYZER_NONNULL = YES;
				CLANG_ANALYZER_NUMBER_OBJECT_CONVERSION = YES_AGGRESSIVE;
				CLANG_CXX_LANGUAGE_STANDARD = "gnu++20";
				CLANG_ENABLE_MODULES = YES;
				CLANG_ENABLE_OBJC_ARC = YES;
				CLANG_ENABLE_OBJC_WEAK = YES;
				CLANG_WARN_BLOCK_CAPTURE_AUTORELEASING = YES;
				CLANG_WARN_BOOL_CONVERSION = YES;
				CLANG_WARN_COMMA = YES;
				CLANG_WARN_CONSTANT_CONVERSION = YES;
				CLANG_WARN_DEPRECATED_OBJC_IMPLEMENTATIONS = YES;
				CLANG_WARN_DIRECT_OBJC_ISA_USAGE = YES_ERROR;
				CLANG_WARN_DOCUMENTATION_COMMENTS = YES;
				CLANG_WARN_EMPTY_BODY = YES;
				CLANG_WARN_ENUM_CONVERSION = YES;
				CLANG_WARN_INFINITE_RECURSION = YES;
				CLANG_WARN_INT_CONVERSION = YES;
				CLANG_WARN_NON_LITERAL_NULL_CONVERSION = YES;
				CLANG_WARN_OBJC_IMPLICIT_RETAIN_SELF = YES;
				CLANG_WARN_OBJC_LITERAL_CONVERSION = YES;
				CLANG_WARN_OBJC_ROOT_CLASS = YES_ERROR;
				CLANG_WARN_QUOTED_INCLUDE_IN_FRAMEWORK_HEADER = YES;
				CLANG_WARN_RANGE_LOOP_ANALYSIS = YES;
				CLANG_WARN_STRICT_PROTOTYPES = YES;
				CLANG_WARN_SUSPICIOUS_MOVE = YES;
				CLANG_WARN_UNGUARDED_AVAILABILITY = YES_AGGRESSIVE;
				CLANG_WARN_UNREACHABLE_CODE = YES;
				CLANG_WARN__DUPLICATE_METHOD_MATCH = YES;
				COPY_PHASE_STRIP = NO;
				DEBUG_INFORMATION_FORMAT = dwarf;
				ENABLE_STRICT_OBJC_MSGSEND = YES;
				ENABLE_TESTABILITY = YES;
				ENABLE_USER_SCRIPT_SANDBOXING = YES;
				GCC_C_LANGUAGE_STANDARD = gnu17;
				GCC_DYNAMIC_NO_PIC = NO;
				GCC_NO_COMMON_BLOCKS = YES;
				GCC_OPTIMIZATION_LEVEL = 0;
				GCC_PREPROCESSOR_DEFINITIONS = (
					"DEBUG=1",
					"$(inherited)",
				);
				GCC_WARN_64_TO_32_BIT_CONVERSION = YES;
				GCC_WARN_ABOUT_RETURN_TYPE = YES_ERROR;
				GCC_WARN_UNDECLARED_SELECTOR = YES;
				GCC_WARN_UNINITIALIZED_AUTOS = YES_AGGRESSIVE;
				GCC_WARN_UNUSED_FUNCTION = YES;
				GCC_WARN_UNUSED_VARIABLE = YES;
				IPHONEOS_DEPLOYMENT_TARGET = 17.5;
				LOCALIZATION_PREFERS_STRING_CATALOGS = YES;
				MTL_ENABLE_DEBUG_INFO = INCLUDE_SOURCE;
				MTL_FAST_MATH = YES;
				ONLY_ACTIVE_ARCH = YES;
				SDKROOT = iphoneos;
				SWIFT_ACTIVE_COMPILATION_CONDITIONS = "DEBUG $(inherited)";
				SWIFT_OPTIMIZATION_LEVEL = "-Onone";
				SWIFT_VERSION = 5.0;
			};
			name = Debug;
		};
		28F7BE7D2DCB668C00AB0035 /* Release */ = {
			isa = XCBuildConfiguration;
			buildSettings = {
				ALWAYS_SEARCH_USER_PATHS = NO;
				ASSETCATALOG_COMPILER_GENERATE_SWIFT_ASSET_SYMBOL_EXTENSIONS = YES;
				CLANG_ANALYZER_NONNULL = YES;
				CLANG_ANALYZER_NUMBER_OBJECT_CONVERSION = YES_AGGRESSIVE;
				CLANG_CXX_LANGUAGE_STANDARD = "gnu++20";
				CLANG_ENABLE_MODULES = YES;
				CLANG_ENABLE_OBJC_ARC = YES;
				CLANG_ENABLE_OBJC_WEAK = YES;
				CLANG_WARN_BLOCK_CAPTURE_AUTORELEASING = YES;
				CLANG_WARN_BOOL_CONVERSION = YES;
				CLANG_WARN_COMMA = YES;
				CLANG_WARN_CONSTANT_CONVERSION = YES;
				CLANG_WARN_DEPRECATED_OBJC_IMPLEMENTATIONS = YES;
				CLANG_WARN_DIRECT_OBJC_ISA_USAGE = YES_ERROR;
				CLANG_WARN_DOCUMENTATION_COMMENTS = YES;
				CLANG_WARN_EMPTY_BODY = YES;
				CLANG_WARN_ENUM_CONVERSION = YES;
				CLANG_WARN_INFINITE_RECURSION = YES;
				CLANG_WARN_INT_CONVERSION = YES;
				CLANG_WARN_NON_LITERAL_NULL_CONVERSION = YES;
				CLANG_WARN_OBJC_IMPLICIT_RETAIN_SELF = YES;
				CLANG_WARN_OBJC_LITERAL_CONVERSION = YES;
				CLANG_WARN_OBJC_ROOT_CLASS = YES_ERROR;
				CLANG_WARN_QUOTED_INCLUDE_IN_FRAMEWORK_HEADER = YES;
				CLANG_WARN_RANGE_LOOP_ANALYSIS = YES;
				CLANG_WARN_STRICT_PROTOTYPES = YES;
				CLANG_WARN_SUSPICIOUS_MOVE = YES;
				CLANG_WARN_UNGUARDED_AVAILABILITY = YES_AGGRESSIVE;
				CLANG_WARN_UNREACHABLE_CODE = YES;
				CLANG_WARN__DUPLICATE_METHOD_MATCH = YES;
				COPY_PHASE_STRIP = NO;
				DEBUG_INFORMATION_FORMAT = "dwarf-with-dsym";
				ENABLE_NS_ASSERTIONS = NO;
				ENABLE_STRICT_OBJC_MSGSEND = YES;
				ENABLE_USER_SCRIPT_SANDBOXING = YES;
				GCC_C_LANGUAGE_STANDARD = gnu17;
				GCC_NO_COMMON_BLOCKS = YES;
				GCC_WARN_64_TO_32_BIT_CONVERSION = YES;
				GCC_WARN_ABOUT_RETURN_TYPE = YES_ERROR;
				GCC_WARN_UNDECLARED_SELECTOR = YES;
				GCC_WARN_UNINITIALIZED_AUTOS = YES_AGGRESSIVE;
				GCC_WARN_UNUSED_FUNCTION = YES;
				GCC_WARN_UNUSED_VARIABLE = YES;
				IPHONEOS_DEPLOYMENT_TARGET = 17.5;
				LOCALIZATION_PREFERS_STRING_CATALOGS = YES;
				MTL_ENABLE_DEBUG_INFO = NO;
				MTL_FAST_MATH = YES;
				SDKROOT = iphoneos;
				SWIFT_COMPILATION_MODE = wholemodule;
				SWIFT_VERSION = 5.0;
				VALIDATE_PRODUCT = YES;
			};
			name = Release;
		};
		28F7BE7F2DCB668C00AB0035 /* Debug */ = {
			isa = XCBuildConfiguration;
			buildSettings = {
				ASSETCATALOG_COMPILER_APPICON_NAME = AppIcon;
				ASSETCATALOG_COMPILER_GLOBAL_ACCENT_COLOR_NAME = AccentColor;
				CODE_SIGN_STYLE = Automatic;
				CURRENT_PROJECT_VERSION = 1;
				DEVELOPMENT_ASSET_PATHS = "\"Editor/Preview Content\"";
				DEVELOPMENT_TEAM = DBJ2D69UL9;
				ENABLE_PREVIEWS = YES;
				GENERATE_INFOPLIST_FILE = YES;
				INFOPLIST_FILE = Editor/Info.plist;
				INFOPLIST_KEY_NSCameraUsageDescription = "Would like to use the camera to take photos";
				INFOPLIST_KEY_NSPhotoLibraryAddUsageDescription = "Would like to use your library to save the photo";
				INFOPLIST_KEY_UIApplicationSceneManifest_Generation = YES;
				INFOPLIST_KEY_UIApplicationSupportsIndirectInputEvents = YES;
				INFOPLIST_KEY_UILaunchScreen_Generation = YES;
				INFOPLIST_KEY_UISupportedInterfaceOrientations_iPad = "UIInterfaceOrientationPortrait UIInterfaceOrientationPortraitUpsideDown UIInterfaceOrientationLandscapeLeft UIInterfaceOrientationLandscapeRight";
				INFOPLIST_KEY_UISupportedInterfaceOrientations_iPhone = "UIInterfaceOrientationPortrait UIInterfaceOrientationLandscapeLeft UIInterfaceOrientationLandscapeRight";
				LD_RUNPATH_SEARCH_PATHS = (
					"$(inherited)",
					"@executable_path/Frameworks",
				);
				MARKETING_VERSION = 1.0;
				PRODUCT_BUNDLE_IDENTIFIER = yazzgul.Editor;
				PRODUCT_NAME = "$(TARGET_NAME)";
				SWIFT_EMIT_LOC_STRINGS = YES;
				SWIFT_VERSION = 5.0;
				TARGETED_DEVICE_FAMILY = "1,2";
			};
			name = Debug;
		};
		28F7BE802DCB668C00AB0035 /* Release */ = {
			isa = XCBuildConfiguration;
			buildSettings = {
				ASSETCATALOG_COMPILER_APPICON_NAME = AppIcon;
				ASSETCATALOG_COMPILER_GLOBAL_ACCENT_COLOR_NAME = AccentColor;
				CODE_SIGN_STYLE = Automatic;
				CURRENT_PROJECT_VERSION = 1;
				DEVELOPMENT_ASSET_PATHS = "\"Editor/Preview Content\"";
				DEVELOPMENT_TEAM = DBJ2D69UL9;
				ENABLE_PREVIEWS = YES;
				GENERATE_INFOPLIST_FILE = YES;
				INFOPLIST_FILE = Editor/Info.plist;
				INFOPLIST_KEY_NSCameraUsageDescription = "Would like to use the camera to take photos";
				INFOPLIST_KEY_NSPhotoLibraryAddUsageDescription = "Would like to use your library to save the photo";
				INFOPLIST_KEY_UIApplicationSceneManifest_Generation = YES;
				INFOPLIST_KEY_UIApplicationSupportsIndirectInputEvents = YES;
				INFOPLIST_KEY_UILaunchScreen_Generation = YES;
				INFOPLIST_KEY_UISupportedInterfaceOrientations_iPad = "UIInterfaceOrientationPortrait UIInterfaceOrientationPortraitUpsideDown UIInterfaceOrientationLandscapeLeft UIInterfaceOrientationLandscapeRight";
				INFOPLIST_KEY_UISupportedInterfaceOrientations_iPhone = "UIInterfaceOrientationPortrait UIInterfaceOrientationLandscapeLeft UIInterfaceOrientationLandscapeRight";
				LD_RUNPATH_SEARCH_PATHS = (
					"$(inherited)",
					"@executable_path/Frameworks",
				);
				MARKETING_VERSION = 1.0;
				PRODUCT_BUNDLE_IDENTIFIER = yazzgul.Editor;
				PRODUCT_NAME = "$(TARGET_NAME)";
				SWIFT_EMIT_LOC_STRINGS = YES;
				SWIFT_VERSION = 5.0;
				TARGETED_DEVICE_FAMILY = "1,2";
			};
			name = Release;
		};
/* End XCBuildConfiguration section */

/* Begin XCConfigurationList section */
		28F7BE6B2DCB668A00AB0035 /* Build configuration list for PBXProject "Editor" */ = {
			isa = XCConfigurationList;
			buildConfigurations = (
				28F7BE7C2DCB668C00AB0035 /* Debug */,
				28F7BE7D2DCB668C00AB0035 /* Release */,
			);
			defaultConfigurationIsVisible = 0;
			defaultConfigurationName = Release;
		};
		28F7BE7E2DCB668C00AB0035 /* Build configuration list for PBXNativeTarget "Editor" */ = {
			isa = XCConfigurationList;
			buildConfigurations = (
				28F7BE7F2DCB668C00AB0035 /* Debug */,
				28F7BE802DCB668C00AB0035 /* Release */,
			);
			defaultConfigurationIsVisible = 0;
			defaultConfigurationName = Release;
		};
/* End XCConfigurationList section */

/* Begin XCRemoteSwiftPackageReference section */
		28F7BF882DCD67B200AB0035 /* XCRemoteSwiftPackageReference "firebase-ios-sdk" */ = {
			isa = XCRemoteSwiftPackageReference;
			repositoryURL = "https://github.com/firebase/firebase-ios-sdk";
			requirement = {
				kind = upToNextMajorVersion;
				minimumVersion = 10.15.0;
			};
		};
		28F7BF932DCD689D00AB0035 /* XCRemoteSwiftPackageReference "GoogleSignIn-iOS" */ = {
			isa = XCRemoteSwiftPackageReference;
			repositoryURL = "https://github.com/google/GoogleSignIn-iOS";
			requirement = {
				kind = upToNextMajorVersion;
				minimumVersion = 7.0.0;
			};
		};
/* End XCRemoteSwiftPackageReference section */

/* Begin XCSwiftPackageProductDependency section */
		28F7BF892DCD67B200AB0035 /* FirebaseAuth */ = {
			isa = XCSwiftPackageProductDependency;
			package = 28F7BF882DCD67B200AB0035 /* XCRemoteSwiftPackageReference "firebase-ios-sdk" */;
			productName = FirebaseAuth;
		};
		28F7BF8B2DCD67B200AB0035 /* FirebaseDatabase */ = {
			isa = XCSwiftPackageProductDependency;
			package = 28F7BF882DCD67B200AB0035 /* XCRemoteSwiftPackageReference "firebase-ios-sdk" */;
			productName = FirebaseDatabase;
		};
		28F7BF8D2DCD67B200AB0035 /* FirebaseDatabaseSwift */ = {
			isa = XCSwiftPackageProductDependency;
			package = 28F7BF882DCD67B200AB0035 /* XCRemoteSwiftPackageReference "firebase-ios-sdk" */;
			productName = FirebaseDatabaseSwift;
		};
		28F7BF8F2DCD67B200AB0035 /* FirebaseFirestore */ = {
			isa = XCSwiftPackageProductDependency;
			package = 28F7BF882DCD67B200AB0035 /* XCRemoteSwiftPackageReference "firebase-ios-sdk" */;
			productName = FirebaseFirestore;
		};
		28F7BF912DCD67B200AB0035 /* FirebaseFirestoreSwift */ = {
			isa = XCSwiftPackageProductDependency;
			package = 28F7BF882DCD67B200AB0035 /* XCRemoteSwiftPackageReference "firebase-ios-sdk" */;
			productName = FirebaseFirestoreSwift;
		};
		28F7BF942DCD689D00AB0035 /* GoogleSignIn */ = {
			isa = XCSwiftPackageProductDependency;
			package = 28F7BF932DCD689D00AB0035 /* XCRemoteSwiftPackageReference "GoogleSignIn-iOS" */;
			productName = GoogleSignIn;
		};
		28F7BF962DCD689D00AB0035 /* GoogleSignInSwift */ = {
			isa = XCSwiftPackageProductDependency;
			package = 28F7BF932DCD689D00AB0035 /* XCRemoteSwiftPackageReference "GoogleSignIn-iOS" */;
			productName = GoogleSignInSwift;
		};
/* End XCSwiftPackageProductDependency section */
	};
	rootObject = 28F7BE682DCB668A00AB0035 /* Project object */;
}
